
Microsoft Visual Studio Solution File, Format Version 12.00
# Visual Studio Version 17
VisualStudioVersion = 17.9.34902.65
MinimumVisualStudioVersion = 10.0.40219.1
Project("{FAE04EC0-301F-11D3-BF4B-00C04F79EFBC}") = "WindowsFormsApp1", "WindowsFormsApp1\WindowsFormsApp1.csproj", "{8AD4C857-9279-4DEE-8744-E3F36DBB1812}"
EndProject
Global
	GlobalSection(SolutionConfigurationPlatforms) = preSolution
		Debug|Any CPU = Debug|Any CPU
		Release|Any CPU = Release|Any CPU
	EndGlobalSection
	GlobalSection(ProjectConfigurationPlatforms) = postSolution
		{8AD4C857-9279-4DEE-8744-E3F36DBB1812}.Debug|Any CPU.ActiveCfg = Debug|Any CPU
		{8AD4C857-9279-4DEE-8744-E3F36DBB1812}.Debug|Any CPU.Build.0 = Debug|Any CPU
		{8AD4C857-9279-4DEE-8744-E3F36DBB1812}.Release|Any CPU.ActiveCfg = Release|Any CPU
		{8AD4C857-9279-4DEE-8744-E3F36DBB1812}.Release|Any CPU.Build.0 = Release|Any CPU
	EndGlobalSection
	GlobalSection(SolutionProperties) = preSolution
		HideSolutionNode = FALSE
	EndGlobalSection
	GlobalSection(ExtensibilityGlobals) = postSolution
		SolutionGuid = {43585198-A487-448E-A1C7-B1DFAE2EDB7C}
	EndGlobalSection
EndGlobal
